
Microsoft Visual Studio Solution File, Format Version 12.00
# Visual Studio Version 17
VisualStudioVersion = 17.0.31919.166
MinimumVisualStudioVersion = 10.0.40219.1
Project("{FAE04EC0-301F-11D3-BF4B-00C04F79EFBC}") = "E-Fisico", "E-Fisico\E-Fisico.csproj", "{EDF9607E-FBF8-467D-BD5B-00868C6C3787}"
EndProject
Global
	GlobalSection(SolutionConfigurationPlatforms) = preSolution
		Debug|Any CPU = Debug|Any CPU
		Release|Any CPU = Release|Any CPU
	EndGlobalSection
	GlobalSection(ProjectConfigurationPlatforms) = postSolution
		{EDF9607E-FBF8-467D-BD5B-00868C6C3787}.Debug|Any CPU.ActiveCfg = Debug|Any CPU
		{EDF9607E-FBF8-467D-BD5B-00868C6C3787}.Debug|Any CPU.Build.0 = Debug|Any CPU
		{EDF9607E-FBF8-467D-BD5B-00868C6C3787}.Release|Any CPU.ActiveCfg = Release|Any CPU
		{EDF9607E-FBF8-467D-BD5B-00868C6C3787}.Release|Any CPU.Build.0 = Release|Any CPU
	EndGlobalSection
	GlobalSection(SolutionProperties) = preSolution
		HideSolutionNode = FALSE
	EndGlobalSection
	GlobalSection(ExtensibilityGlobals) = postSolution
		SolutionGuid = {C1EBB991-23BA-4ACE-9BAC-46ABCE409601}
	EndGlobalSection
EndGlobal
